
Microsoft Visual Studio Solution File, Format Version 12.00
# Visual Studio Version 17
VisualStudioVersion = 17.7.34221.43
MinimumVisualStudioVersion = 10.0.40219.1
Project("{9A19103F-16F7-4668-BE54-9A1E7A4F7556}") = "ServiceHost", "ServiceHost\ServiceHost.csproj", "{020293E3-6BD3-4AFD-9DFA-CB95876BC8B0}"
EndProject
Project("{9A19103F-16F7-4668-BE54-9A1E7A4F7556}") = "ClientApp", "ClientApp\ClientApp.csproj", "{613C0345-D4E6-45DE-AF8F-33A2FDFBE0B7}"
EndProject
Project("{FAE04EC0-301F-11D3-BF4B-00C04F79EFBC}") = "Common", "Common\Common.csproj", "{442192FD-A435-444E-8237-A749EC172663}"
EndProject
Global
	GlobalSection(SolutionConfigurationPlatforms) = preSolution
		Debug|Any CPU = Debug|Any CPU
		Release|Any CPU = Release|Any CPU
	EndGlobalSection
	GlobalSection(ProjectConfigurationPlatforms) = postSolution
		{020293E3-6BD3-4AFD-9DFA-CB95876BC8B0}.Debug|Any CPU.ActiveCfg = Debug|Any CPU
		{020293E3-6BD3-4AFD-9DFA-CB95876BC8B0}.Debug|Any CPU.Build.0 = Debug|Any CPU
		{020293E3-6BD3-4AFD-9DFA-CB95876BC8B0}.Release|Any CPU.ActiveCfg = Release|Any CPU
		{020293E3-6BD3-4AFD-9DFA-CB95876BC8B0}.Release|Any CPU.Build.0 = Release|Any CPU
		{613C0345-D4E6-45DE-AF8F-33A2FDFBE0B7}.Debug|Any CPU.ActiveCfg = Debug|Any CPU
		{613C0345-D4E6-45DE-AF8F-33A2FDFBE0B7}.Debug|Any CPU.Build.0 = Debug|Any CPU
		{613C0345-D4E6-45DE-AF8F-33A2FDFBE0B7}.Release|Any CPU.ActiveCfg = Release|Any CPU
		{613C0345-D4E6-45DE-AF8F-33A2FDFBE0B7}.Release|Any CPU.Build.0 = Release|Any CPU
		{442192FD-A435-444E-8237-A749EC172663}.Debug|Any CPU.ActiveCfg = Debug|Any CPU
		{442192FD-A435-444E-8237-A749EC172663}.Debug|Any CPU.Build.0 = Debug|Any CPU
		{442192FD-A435-444E-8237-A749EC172663}.Release|Any CPU.ActiveCfg = Release|Any CPU
		{442192FD-A435-444E-8237-A749EC172663}.Release|Any CPU.Build.0 = Release|Any CPU
	EndGlobalSection
	GlobalSection(SolutionProperties) = preSolution
		HideSolutionNode = FALSE
	EndGlobalSection
	GlobalSection(ExtensibilityGlobals) = postSolution
		SolutionGuid = {A659F371-0669-4D3D-9411-D5D7241CAF25}
	EndGlobalSection
EndGlobal
